{
  "nodes": {
    "easy-purescript-nix": {
      "flake": false,
      "locked": {
        "lastModified": 1670198178,
        "narHash": "sha256-5KkyNpPakv4xIP2ba0S5GX+dcmd3AcO9kPhwa482BbA=",
        "owner": "justinwoo",
        "repo": "easy-purescript-nix",
        "rev": "7a4cb3cd6ca53566ea1675692eab0aa13907ff09",
        "type": "github"
      },
      "original": {
        "owner": "justinwoo",
        "repo": "easy-purescript-nix",
        "type": "github"
      }
    },
    "flake-utils": {
      "locked": {
        "lastModified": 1667395993,
        "narHash": "sha256-nuEHfE/LcWyuSWnS8t12N1wc105Qtau+/OdUAjtQ0rA=",
        "owner": "numtide",
        "repo": "flake-utils",
        "rev": "5aed5285a952e0b949eb3ba02c12fa4fcfef535f",
        "type": "github"
      },
      "original": {
        "owner": "numtide",
        "repo": "flake-utils",
        "type": "github"
      }
    },
    "nixpkgs": {
      "locked": {
        "lastModified": 1670242877,
        "narHash": "sha256-jBLh7dRHnbfvPPA9znOC6oQfKrCPJ0El8Zoe0BqnCjQ=",
        "owner": "NixOS",
        "repo": "nixpkgs",
        "rev": "6e51c97f1c849efdfd4f3b78a4870e6aa2da4198",
        "type": "github"
      },
      "original": {
        "owner": "NixOS",
        "ref": "nixos-unstable",
        "repo": "nixpkgs",
        "type": "github"
      }
    },
    "root": {
      "inputs": {
        "easy-purescript-nix": "easy-purescript-nix",
        "flake-utils": "flake-utils",
        "nixpkgs": "nixpkgs",
        "spago2nix": "spago2nix"
      }
    },
    "spago2nix": {
      "flake": false,
      "locked": {
        "lastModified": 1641236534,
        "narHash": "sha256-a5cBQdkFg98NC8mpKzfVm5Iv2DtMSLlr9IclWp5D8mI=",
        "owner": "justinwoo",
        "repo": "spago2nix",
        "rev": "1c834738a8216a4c89d9defac9bf1c331d302a6a",
        "type": "github"
      },
      "original": {
        "owner": "justinwoo",
        "repo": "spago2nix",
        "type": "github"
      }
    }
  },
  "root": "root",
  "version": 7
}
